{
  "name": "quiz-backend",
  "version": "1.0.0",
  "lockfileVersion": 2,
  "requires": true,
  "dependencies": {
    "axios": {
      "version": "1.7.9",
      "resolved": "https://registry.npmjs.org/axios/-/axios-1.7.9.tgz",
      "integrity": "sha512-BxjOEVlqHNCXU4PDTle8PbRheBxoZLbdD5rQ9J05yzRBuvJbB7QlW/hXK9t+5XJm0knZWy7QpAjRFz+l9mElow=="
    },
    "body-parser": {
      "version": "1.20.3",
      "resolved": "https://registry.npmjs.org/body-parser/-/body-parser-1.20.3.tgz",
      "integrity": "sha512-pL1Q7pqzGoLVb+i+8mR6hCM0oJrMW0muCmLnoFNU4RgWqWODIrbSW4L5PI/HQtC85dW7YniWlTYtvt3qWsaRxw=="
    },
    "convex": {
      "version": "1.17.3",
      "resolved": "https://registry.npmjs.org/convex/-/convex-1.17.3.tgz",
      "integrity": "sha512-X9ZPhXWz4HzDnvteFgM/xvZAcEd/jGuXVW8No/zrH9s0EOiTFT+TKEk4qxgfp4mKMN/m7yrl7G/QUJl0vjPZZA=="
    },
    "cors": {
      "version": "2.8.5",
      "resolved": "https://registry.npmjs.org/cors/-/cors-2.8.5.tgz",
      "integrity": "sha512-HcYj8KH4TAHSH+gMrfWcsThlhNxYht1krhd0k9Y3TOG7Siq3U9fRRYM8N9TQK5Wyv8buqC3eNBRDQl7wYKP29Q=="
    },
    "dotenv": {
      "version": "16.4.7",
      "resolved": "https://registry.npmjs.org/dotenv/-/dotenv-16.4.7.tgz",
      "integrity": "sha512-jBq1roN4RAljFXol8XKtNWQwAiNqfaP5VOcqPdUmCKT2ykutpGTs5T1NFxeJioRRaCVckzKcM2WpJ3N3w2X+8Q=="
    },
    "express": {
      "version": "4.21.2",
      "resolved": "https://registry.npmjs.org/express/-/express-4.21.2.tgz",
      "integrity": "sha512-tW4O6isKi3loIULkjupJEj1U3Dwp9I5DEOUxN6Vi8iMiFAbhr6yLaEyYr4qqkF9xjO5yke54q/wZhIz4XjNhfQ=="
    },
    "firebase-admin": {
      "version": "12.7.0",
      "resolved": "https://registry.npmjs.org/firebase-admin/-/firebase-admin-12.7.0.tgz",
      "integrity": "sha512-8QLh5P19J5XYRR4RHtBntNGyd3I21ogj9iPeo7NV3IVAsz2A6rhw59KYECXUm1x7s4ljzxDqIHl6EJktglU9BQ=="
    }
  }
}
